// !$*UTF8*$!
{
	archiveVersion = 1;
	classes = {
	};
	objectVersion = 48;
	objects = {

/* Begin PBXBuildFile section */
		F3F9646F2022CA970073B48F /* AppDelegate.swift in Sources */ = {isa = PBXBuildFile; fileRef = F3F9646E2022CA970073B48F /* AppDelegate.swift */; };
		F3F964712022CA970073B48F /* ViewController.swift in Sources */ = {isa = PBXBuildFile; fileRef = F3F964702022CA970073B48F /* ViewController.swift */; };
		F3F964742022CA970073B48F /* Main.storyboard in Resources */ = {isa = PBXBuildFile; fileRef = F3F964722022CA970073B48F /* Main.storyboard */; };
		F3F964762022CA970073B48F /* Assets.xcassets in Resources */ = {isa = PBXBuildFile; fileRef = F3F964752022CA970073B48F /* Assets.xcassets */; };
		F3F964792022CA970073B48F /* LaunchScreen.storyboard in Resources */ = {isa = PBXBuildFile; fileRef = F3F964772022CA970073B48F /* LaunchScreen.storyboard */; };
		F3F964842022CA970073B48F /* lab1_tumblrTests.swift in Sources */ = {isa = PBXBuildFile; fileRef = F3F964832022CA970073B48F /* lab1_tumblrTests.swift */; };
		F3F9648F2022CA970073B48F /* lab1_tumblrUITests.swift in Sources */ = {isa = PBXBuildFile; fileRef = F3F9648E2022CA970073B48F /* lab1_tumblrUITests.swift */; };
/* End PBXBuildFile section */

/* Begin PBXContainerItemProxy section */
		F3F964802022CA970073B48F /* PBXContainerItemProxy */ = {
			isa = PBXContainerItemProxy;
			containerPortal = F3F964632022CA970073B48F /* Project object */;
			proxyType = 1;
			remoteGlobalIDString = F3F9646A2022CA970073B48F;
			remoteInfo = lab1_tumblr;
		};
		F3F9648B2022CA970073B48F /* PBXContainerItemProxy */ = {
			isa = PBXContainerItemProxy;
			containerPortal = F3F964632022CA970073B48F /* Project object */;
			proxyType = 1;
			remoteGlobalIDString = F3F9646A2022CA970073B48F;
			remoteInfo = lab1_tumblr;
		};
/* End PBXContainerItemProxy section */

/* Begin PBXFileReference section */
		F3F9646B2022CA970073B48F /* lab1_tumblr.app */ = {isa = PBXFileReference; explicitFileType = wrapper.application; includeInIndex = 0; path = lab1_tumblr.app; sourceTree = BUILT_PRODUCTS_DIR; };
		F3F9646E2022CA970073B48F /* AppDelegate.swift */ = {isa = PBXFileReference; lastKnownFileType = sourcecode.swift; path = AppDelegate.swift; sourceTree = "<group>"; };
		F3F964702022CA970073B48F /* ViewController.swift */ = {isa = PBXFileReference; lastKnownFileType = sourcecode.swift; path = ViewController.swift; sourceTree = "<group>"; };
		F3F964732022CA970073B48F /* Base */ = {isa = PBXFileReference; lastKnownFileType = file.storyboard; name = Base; path = Base.lproj/Main.storyboard; sourceTree = "<group>"; };
		F3F964752022CA970073B48F /* Assets.xcassets */ = {isa = PBXFileReference; lastKnownFileType = folder.assetcatalog; path = Assets.xcassets; sourceTree = "<group>"; };
		F3F964782022CA970073B48F /* Base */ = {isa = PBXFileReference; lastKnownFileType = file.storyboard; name = Base; path = Base.lproj/LaunchScreen.storyboard; sourceTree = "<group>"; };
		F3F9647A2022CA970073B48F /* Info.plist */ = {isa = PBXFileReference; lastKnownFileType = text.plist.xml; path = Info.plist; sourceTree = "<group>"; };
		F3F9647F2022CA970073B48F /* lab1_tumblrTests.xctest */ = {isa = PBXFileReference; explicitFileType = wrapper.cfbundle; includeInIndex = 0; path = lab1_tumblrTests.xctest; sourceTree = BUILT_PRODUCTS_DIR; };
		F3F964832022CA970073B48F /* lab1_tumblrTests.swift */ = {isa = PBXFileReference; lastKnownFileType = sourcecode.swift; path = lab1_tumblrTests.swift; sourceTree = "<group>"; };
		F3F964852022CA970073B48F /* Info.plist */ = {isa = PBXFileReference; lastKnownFileType = text.plist.xml; path = Info.plist; sourceTree = "<group>"; };
		F3F9648A2022CA970073B48F /* lab1_tumblrUITests.xctest */ = {isa = PBXFileReference; explicitFileType = wrapper.cfbundle; includeInIndex = 0; path = lab1_tumblrUITests.xctest; sourceTree = BUILT_PRODUCTS_DIR; };
		F3F9648E2022CA970073B48F /* lab1_tumblrUITests.swift */ = {isa = PBXFileReference; lastKnownFileType = sourcecode.swift; path = lab1_tumblrUITests.swift; sourceTree = "<group>"; };
		F3F964902022CA970073B48F /* Info.plist */ = {isa = PBXFileReference; lastKnownFileType = text.plist.xml; path = Info.plist; sourceTree = "<group>"; };
/* End PBXFileReference section */

/* Begin PBXFrameworksBuildPhase section */
		F3F964682022CA970073B48F /* Frameworks */ = {
			isa = PBXFrameworksBuildPhase;
			buildActionMask = 2147483647;
			files = (
			);
			runOnlyForDeploymentPostprocessing = 0;
		};
		F3F9647C2022CA970073B48F /* Frameworks */ = {
			isa = PBXFrameworksBuildPhase;
			buildActionMask = 2147483647;
			files = (
			);
			runOnlyForDeploymentPostprocessing = 0;
		};
		F3F964872022CA970073B48F /* Frameworks */ = {
			isa = PBXFrameworksBuildPhase;
			buildActionMask = 2147483647;
			files = (
			);
			runOnlyForDeploymentPostprocessing = 0;
		};
/* End PBXFrameworksBuildPhase section */

/* Begin PBXGroup section */
		F3F964622022CA970073B48F = {
			isa = PBXGroup;
			children = (
				F3F9646D2022CA970073B48F /* lab1_tumblr */,
				F3F964822022CA970073B48F /* lab1_tumblrTests */,
				F3F9648D2022CA970073B48F /* lab1_tumblrUITests */,
				F3F9646C2022CA970073B48F /* Products */,
			);
			sourceTree = "<group>";
		};
		F3F9646C2022CA970073B48F /* Products */ = {
			isa = PBXGroup;
			children = (
				F3F9646B2022CA970073B48F /* lab1_tumblr.app */,
				F3F9647F2022CA970073B48F /* lab1_tumblrTests.xctest */,
				F3F9648A2022CA970073B48F /* lab1_tumblrUITests.xctest */,
			);
			name = Products;
			sourceTree = "<group>";
		};
		F3F9646D2022CA970073B48F /* lab1_tumblr */ = {
			isa = PBXGroup;
			children = (
				F3F9646E2022CA970073B48F /* AppDelegate.swift */,
				F3F964702022CA970073B48F /* ViewController.swift */,
				F3F964722022CA970073B48F /* Main.storyboard */,
				F3F964752022CA970073B48F /* Assets.xcassets */,
				F3F964772022CA970073B48F /* LaunchScreen.storyboard */,
				F3F9647A2022CA970073B48F /* Info.plist */,
			);
			path = lab1_tumblr;
			sourceTree = "<group>";
		};
		F3F964822022CA970073B48F /* lab1_tumblrTests */ = {
			isa = PBXGroup;
			children = (
				F3F964832022CA970073B48F /* lab1_tumblrTests.swift */,
				F3F964852022CA970073B48F /* Info.plist */,
			);
			path = lab1_tumblrTests;
			sourceTree = "<group>";
		};
		F3F9648D2022CA970073B48F /* lab1_tumblrUITests */ = {
			isa = PBXGroup;
			children = (
				F3F9648E2022CA970073B48F /* lab1_tumblrUITests.swift */,
				F3F964902022CA970073B48F /* Info.plist */,
			);
			path = lab1_tumblrUITests;
			sourceTree = "<group>";
		};
/* End PBXGroup section */

/* Begin PBXNativeTarget section */
		F3F9646A2022CA970073B48F /* lab1_tumblr */ = {
			isa = PBXNativeTarget;
			buildConfigurationList = F3F964932022CA970073B48F /* Build configuration list for PBXNativeTarget "lab1_tumblr" */;
			buildPhases = (
				F3F964672022CA970073B48F /* Sources */,
				F3F964682022CA970073B48F /* Frameworks */,
				F3F964692022CA970073B48F /* Resources */,
			);
			buildRules = (
			);
			dependencies = (
			);
			name = lab1_tumblr;
			productName = lab1_tumblr;
			productReference = F3F9646B2022CA970073B48F /* lab1_tumblr.app */;
			productType = "com.apple.product-type.application";
		};
		F3F9647E2022CA970073B48F /* lab1_tumblrTests */ = {
			isa = PBXNativeTarget;
			buildConfigurationList = F3F964962022CA970073B48F /* Build configuration list for PBXNativeTarget "lab1_tumblrTests" */;
			buildPhases = (
				F3F9647B2022CA970073B48F /* Sources */,
				F3F9647C2022CA970073B48F /* Frameworks */,
				F3F9647D2022CA970073B48F /* Resources */,
			);
			buildRules = (
			);
			dependencies = (
				F3F964812022CA970073B48F /* PBXTargetDependency */,
			);
			name = lab1_tumblrTests;
			productName = lab1_tumblrTests;
			productReference = F3F9647F2022CA970073B48F /* lab1_tumblrTests.xctest */;
			productType = "com.apple.product-type.bundle.unit-test";
		};
		F3F964892022CA970073B48F /* lab1_tumblrUITests */ = {
			isa = PBXNativeTarget;
			buildConfigurationList = F3F964992022CA970073B48F /* Build configuration list for PBXNativeTarget "lab1_tumblrUITests" */;
			buildPhases = (
				F3F964862022CA970073B48F /* Sources */,
				F3F964872022CA970073B48F /* Frameworks */,
				F3F964882022CA970073B48F /* Resources */,
			);
			buildRules = (
			);
			dependencies = (
				F3F9648C2022CA970073B48F /* PBXTargetDependency */,
			);
			name = lab1_tumblrUITests;
			productName = lab1_tumblrUITests;
			productReference = F3F9648A2022CA970073B48F /* lab1_tumblrUITests.xctest */;
			productType = "com.apple.product-type.bundle.ui-testing";
		};
/* End PBXNativeTarget section */

/* Begin PBXProject section */
		F3F964632022CA970073B48F /* Project object */ = {
			isa = PBXProject;
			attributes = {
				LastSwiftUpdateCheck = 0920;
				LastUpgradeCheck = 0920;
				ORGANIZATIONNAME = Sparrow;
				TargetAttributes = {
					F3F9646A2022CA970073B48F = {
						CreatedOnToolsVersion = 9.2;
						ProvisioningStyle = Automatic;
					};
					F3F9647E2022CA970073B48F = {
						CreatedOnToolsVersion = 9.2;
						ProvisioningStyle = Automatic;
						TestTargetID = F3F9646A2022CA970073B48F;
					};
					F3F964892022CA970073B48F = {
						CreatedOnToolsVersion = 9.2;
						ProvisioningStyle = Automatic;
						TestTargetID = F3F9646A2022CA970073B48F;
					};
				};
			};
			buildConfigurationList = F3F964662022CA970073B48F /* Build configuration list for PBXProject "lab1_tumblr" */;
			compatibilityVersion = "Xcode 8.0";
			developmentRegion = en;
			hasScannedForEncodings = 0;
			knownRegions = (
				en,
				Base,
			);
			mainGroup = F3F964622022CA970073B48F;
			productRefGroup = F3F9646C2022CA970073B48F /* Products */;
			projectDirPath = "";
			projectRoot = "";
			targets = (
				F3F9646A2022CA970073B48F /* lab1_tumblr */,
				F3F9647E2022CA970073B48F /* lab1_tumblrTests */,
				F3F964892022CA970073B48F /* lab1_tumblrUITests */,
			);
		};
/* End PBXProject section */

/* Begin PBXResourcesBuildPhase section */
		F3F964692022CA970073B48F /* Resources */ = {
			isa = PBXResourcesBuildPhase;
			buildActionMask = 2147483647;
			files = (
				F3F964792022CA970073B48F /* LaunchScreen.storyboard in Resources */,
				F3F964762022CA970073B48F /* Assets.xcassets in Resources */,
				F3F964742022CA970073B48F /* Main.storyboard in Resources */,
			);
			runOnlyForDeploymentPostprocessing = 0;
		};
		F3F9647D2022CA970073B48F /* Resources */ = {
			isa = PBXResourcesBuildPhase;
			buildActionMask = 2147483647;
			files = (
			);
			runOnlyForDeploymentPostprocessing = 0;
		};
		F3F964882022CA970073B48F /* Resources */ = {
			isa = PBXResourcesBuildPhase;
			buildActionMask = 2147483647;
			files = (
			);
			runOnlyForDeploymentPostprocessing = 0;
		};
/* End PBXResourcesBuildPhase section */

/* Begin PBXSourcesBuildPhase section */
		F3F964672022CA970073B48F /* Sources */ = {
			isa = PBXSourcesBuildPhase;
			buildActionMask = 2147483647;
			files = (
				F3F964712022CA970073B48F /* ViewController.swift in Sources */,
				F3F9646F2022CA970073B48F /* AppDelegate.swift in Sources */,
			);
			runOnlyForDeploymentPostprocessing = 0;
		};
		F3F9647B2022CA970073B48F /* Sources */ = {
			isa = PBXSourcesBuildPhase;
			buildActionMask = 2147483647;
			files = (
				F3F964842022CA970073B48F /* lab1_tumblrTests.swift in Sources */,
			);
			runOnlyForDeploymentPostprocessing = 0;
		};
		F3F964862022CA970073B48F /* Sources */ = {
			isa = PBXSourcesBuildPhase;
			buildActionMask = 2147483647;
			files = (
				F3F9648F2022CA970073B48F /* lab1_tumblrUITests.swift in Sources */,
			);
			runOnlyForDeploymentPostprocessing = 0;
		};
/* End PBXSourcesBuildPhase section */

/* Begin PBXTargetDependency section */
		F3F964812022CA970073B48F /* PBXTargetDependency */ = {
			isa = PBXTargetDependency;
			target = F3F9646A2022CA970073B48F /* lab1_tumblr */;
			targetProxy = F3F964802022CA970073B48F /* PBXContainerItemProxy */;
		};
		F3F9648C2022CA970073B48F /* PBXTargetDependency */ = {
			isa = PBXTargetDependency;
			target = F3F9646A2022CA970073B48F /* lab1_tumblr */;
			targetProxy = F3F9648B2022CA970073B48F /* PBXContainerItemProxy */;
		};
/* End PBXTargetDependency section */

/* Begin PBXVariantGroup section */
		F3F964722022CA970073B48F /* Main.storyboard */ = {
			isa = PBXVariantGroup;
			children = (
				F3F964732022CA970073B48F /* Base */,
			);
			name = Main.storyboard;
			sourceTree = "<group>";
		};
		F3F964772022CA970073B48F /* LaunchScreen.storyboard */ = {
			isa = PBXVariantGroup;
			children = (
				F3F964782022CA970073B48F /* Base */,
			);
			name = LaunchScreen.storyboard;
			sourceTree = "<group>";
		};
/* End PBXVariantGroup section */

/* Begin XCBuildConfiguration section */
		F3F964912022CA970073B48F /* Debug */ = {
			isa = XCBuildConfiguration;
			buildSettings = {
				ALWAYS_SEARCH_USER_PATHS = NO;
				CLANG_ANALYZER_NONNULL = YES;
				CLANG_ANALYZER_NUMBER_OBJECT_CONVERSION = YES_AGGRESSIVE;
				CLANG_CXX_LANGUAGE_STANDARD = "gnu++14";
				CLANG_CXX_LIBRARY = "libc++";
				CLANG_ENABLE_MODULES = YES;
				CLANG_ENABLE_OBJC_ARC = YES;
				CLANG_WARN_BLOCK_CAPTURE_AUTORELEASING = YES;
				CLANG_WARN_BOOL_CONVERSION = YES;
				CLANG_WARN_COMMA = YES;
				CLANG_WARN_CONSTANT_CONVERSION = YES;
				CLANG_WARN_DIRECT_OBJC_ISA_USAGE = YES_ERROR;
				CLANG_WARN_DOCUMENTATION_COMMENTS = YES;
				CLANG_WARN_EMPTY_BODY = YES;
				CLANG_WARN_ENUM_CONVERSION = YES;
				CLANG_WARN_INFINITE_RECURSION = YES;
				CLANG_WARN_INT_CONVERSION = YES;
				CLANG_WARN_NON_LITERAL_NULL_CONVERSION = YES;
				CLANG_WARN_OBJC_LITERAL_CONVERSION = YES;
				CLANG_WARN_OBJC_ROOT_CLASS = YES_ERROR;
				CLANG_WARN_RANGE_LOOP_ANALYSIS = YES;
				CLANG_WARN_STRICT_PROTOTYPES = YES;
				CLANG_WARN_SUSPICIOUS_MOVE = YES;
				CLANG_WARN_UNGUARDED_AVAILABILITY = YES_AGGRESSIVE;
				CLANG_WARN_UNREACHABLE_CODE = YES;
				CLANG_WARN__DUPLICATE_METHOD_MATCH = YES;
				CODE_SIGN_IDENTITY = "iPhone Developer";
				COPY_PHASE_STRIP = NO;
				DEBUG_INFORMATION_FORMAT = dwarf;
				ENABLE_STRICT_OBJC_MSGSEND = YES;
				ENABLE_TESTABILITY = YES;
				GCC_C_LANGUAGE_STANDARD = gnu11;
				GCC_DYNAMIC_NO_PIC = NO;
				GCC_NO_COMMON_BLOCKS = YES;
				GCC_OPTIMIZATION_LEVEL = 0;
				GCC_PREPROCESSOR_DEFINITIONS = (
					"DEBUG=1",
					"$(inherited)",
				);
				GCC_WARN_64_TO_32_BIT_CONVERSION = YES;
				GCC_WARN_ABOUT_RETURN_TYPE = YES_ERROR;
				GCC_WARN_UNDECLARED_SELECTOR = YES;
				GCC_WARN_UNINITIALIZED_AUTOS = YES_AGGRESSIVE;
				GCC_WARN_UNUSED_FUNCTION = YES;
				GCC_WARN_UNUSED_VARIABLE = YES;
				IPHONEOS_DEPLOYMENT_TARGET = 11.2;
				MTL_ENABLE_DEBUG_INFO = YES;
				ONLY_ACTIVE_ARCH = YES;
				SDKROOT = iphoneos;
				SWIFT_ACTIVE_COMPILATION_CONDITIONS = DEBUG;
				SWIFT_OPTIMIZATION_LEVEL = "-Onone";
			};
			name = Debug;
		};
		F3F964922022CA970073B48F /* Release */ = {
			isa = XCBuildConfiguration;
			buildSettings = {
				ALWAYS_SEARCH_USER_PATHS = NO;
				CLANG_ANALYZER_NONNULL = YES;
				CLANG_ANALYZER_NUMBER_OBJECT_CONVERSION = YES_AGGRESSIVE;
				CLANG_CXX_LANGUAGE_STANDARD = "gnu++14";
				CLANG_CXX_LIBRARY = "libc++";
				CLANG_ENABLE_MODULES = YES;
				CLANG_ENABLE_OBJC_ARC = YES;
				CLANG_WARN_BLOCK_CAPTURE_AUTORELEASING = YES;
				CLANG_WARN_BOOL_CONVERSION = YES;
				CLANG_WARN_COMMA = YES;
				CLANG_WARN_CONSTANT_CONVERSION = YES;
				CLANG_WARN_DIRECT_OBJC_ISA_USAGE = YES_ERROR;
				CLANG_WARN_DOCUMENTATION_COMMENTS = YES;
				CLANG_WARN_EMPTY_BODY = YES;
				CLANG_WARN_ENUM_CONVERSION = YES;
				CLANG_WARN_INFINITE_RECURSION = YES;
				CLANG_WARN_INT_CONVERSION = YES;
				CLANG_WARN_NON_LITERAL_NULL_CONVERSION = YES;
				CLANG_WARN_OBJC_LITERAL_CONVERSION = YES;
				CLANG_WARN_OBJC_ROOT_CLASS = YES_ERROR;
				CLANG_WARN_RANGE_LOOP_ANALYSIS = YES;
				CLANG_WARN_STRICT_PROTOTYPES = YES;
				CLANG_WARN_SUSPICIOUS_MOVE = YES;
				CLANG_WARN_UNGUARDED_AVAILABILITY = YES_AGGRESSIVE;
				CLANG_WARN_UNREACHABLE_CODE = YES;
				CLANG_WARN__DUPLICATE_METHOD_MATCH = YES;
				CODE_SIGN_IDENTITY = "iPhone Developer";
				COPY_PHASE_STRIP = NO;
				DEBUG_INFORMATION_FORMAT = "dwarf-with-dsym";
				ENABLE_NS_ASSERTIONS = NO;
				ENABLE_STRICT_OBJC_MSGSEND = YES;
				GCC_C_LANGUAGE_STANDARD = gnu11;
				GCC_NO_COMMON_BLOCKS = YES;
				GCC_WARN_64_TO_32_BIT_CONVERSION = YES;
				GCC_WARN_ABOUT_RETURN_TYPE = YES_ERROR;
				GCC_WARN_UNDECLARED_SELECTOR = YES;
				GCC_WARN_UNINITIALIZED_AUTOS = YES_AGGRESSIVE;
				GCC_WARN_UNUSED_FUNCTION = YES;
				GCC_WARN_UNUSED_VARIABLE = YES;
				IPHONEOS_DEPLOYMENT_TARGET = 11.2;
				MTL_ENABLE_DEBUG_INFO = NO;
				SDKROOT = iphoneos;
				SWIFT_OPTIMIZATION_LEVEL = "-Owholemodule";
				VALIDATE_PRODUCT = YES;
			};
			name = Release;
		};
		F3F964942022CA970073B48F /* Debug */ = {
			isa = XCBuildConfiguration;
			buildSettings = {
				ASSETCATALOG_COMPILER_APPICON_NAME = AppIcon;
				CODE_SIGN_STYLE = Automatic;
				INFOPLIST_FILE = lab1_tumblr/Info.plist;
				LD_RUNPATH_SEARCH_PATHS = "$(inherited) @executable_path/Frameworks";
				PRODUCT_BUNDLE_IDENTIFIER = "com.codepath.lab1-tumblr";
				PRODUCT_NAME = "$(TARGET_NAME)";
				SWIFT_VERSION = 4.0;
				TARGETED_DEVICE_FAMILY = "1,2";
			};
			name = Debug;
		};
		F3F964952022CA970073B48F /* Release */ = {
			isa = XCBuildConfiguration;
			buildSettings = {
				ASSETCATALOG_COMPILER_APPICON_NAME = AppIcon;
				CODE_SIGN_STYLE = Automatic;
				INFOPLIST_FILE = lab1_tumblr/Info.plist;
				LD_RUNPATH_SEARCH_PATHS = "$(inherited) @executable_path/Frameworks";
				PRODUCT_BUNDLE_IDENTIFIER = "com.codepath.lab1-tumblr";
				PRODUCT_NAME = "$(TARGET_NAME)";
				SWIFT_VERSION = 4.0;
				TARGETED_DEVICE_FAMILY = "1,2";
			};
			name = Release;
		};
		F3F964972022CA970073B48F /* Debug */ = {
			isa = XCBuildConfiguration;
			buildSettings = {
				ALWAYS_EMBED_SWIFT_STANDARD_LIBRARIES = YES;
				BUNDLE_LOADER = "$(TEST_HOST)";
				CODE_SIGN_STYLE = Automatic;
				INFOPLIST_FILE = lab1_tumblrTests/Info.plist;
				LD_RUNPATH_SEARCH_PATHS = "$(inherited) @executable_path/Frameworks @loader_path/Frameworks";
				PRODUCT_BUNDLE_IDENTIFIER = "com.codepath.lab1-tumblrTests";
				PRODUCT_NAME = "$(TARGET_NAME)";
				SWIFT_VERSION = 4.0;
				TARGETED_DEVICE_FAMILY = "1,2";
				TEST_HOST = "$(BUILT_PRODUCTS_DIR)/lab1_tumblr.app/lab1_tumblr";
			};
			name = Debug;
		};
		F3F964982022CA970073B48F /* Release */ = {
			isa = XCBuildConfiguration;
			buildSettings = {
				ALWAYS_EMBED_SWIFT_STANDARD_LIBRARIES = YES;
				BUNDLE_LOADER = "$(TEST_HOST)";
				CODE_SIGN_STYLE = Automatic;
				INFOPLIST_FILE = lab1_tumblrTests/Info.plist;
				LD_RUNPATH_SEARCH_PATHS = "$(inherited) @executable_path/Frameworks @loader_path/Frameworks";
				PRODUCT_BUNDLE_IDENTIFIER = "com.codepath.lab1-tumblrTests";
				PRODUCT_NAME = "$(TARGET_NAME)";
				SWIFT_VERSION = 4.0;
				TARGETED_DEVICE_FAMILY = "1,2";
				TEST_HOST = "$(BUILT_PRODUCTS_DIR)/lab1_tumblr.app/lab1_tumblr";
			};
			name = Release;
		};
		F3F9649A2022CA970073B48F /* Debug */ = {
			isa = XCBuildConfiguration;
			buildSettings = {
				ALWAYS_EMBED_SWIFT_STANDARD_LIBRARIES = YES;
				CODE_SIGN_STYLE = Automatic;
				INFOPLIST_FILE = lab1_tumblrUITests/Info.plist;
				LD_RUNPATH_SEARCH_PATHS = "$(inherited) @executable_path/Frameworks @loader_path/Frameworks";
				PRODUCT_BUNDLE_IDENTIFIER = "com.codepath.lab1-tumblrUITests";
				PRODUCT_NAME = "$(TARGET_NAME)";
				SWIFT_VERSION = 4.0;
				TARGETED_DEVICE_FAMILY = "1,2";
				TEST_TARGET_NAME = lab1_tumblr;
			};
			name = Debug;
		};
		F3F9649B2022CA970073B48F /* Release */ = {
			isa = XCBuildConfiguration;
			buildSettings = {
				ALWAYS_EMBED_SWIFT_STANDARD_LIBRARIES = YES;
				CODE_SIGN_STYLE = Automatic;
				INFOPLIST_FILE = lab1_tumblrUITests/Info.plist;
				LD_RUNPATH_SEARCH_PATHS = "$(inherited) @executable_path/Frameworks @loader_path/Frameworks";
				PRODUCT_BUNDLE_IDENTIFIER = "com.codepath.lab1-tumblrUITests";
				PRODUCT_NAME = "$(TARGET_NAME)";
				SWIFT_VERSION = 4.0;
				TARGETED_DEVICE_FAMILY = "1,2";
				TEST_TARGET_NAME = lab1_tumblr;
			};
			name = Release;
		};
/* End XCBuildConfiguration section */

/* Begin XCConfigurationList section */
		F3F964662022CA970073B48F /* Build configuration list for PBXProject "lab1_tumblr" */ = {
			isa = XCConfigurationList;
			buildConfigurations = (
				F3F964912022CA970073B48F /* Debug */,
				F3F964922022CA970073B48F /* Release */,
			);
			defaultConfigurationIsVisible = 0;
			defaultConfigurationName = Release;
		};
		F3F964932022CA970073B48F /* Build configuration list for PBXNativeTarget "lab1_tumblr" */ = {
			isa = XCConfigurationList;
			buildConfigurations = (
				F3F964942022CA970073B48F /* Debug */,
				F3F964952022CA970073B48F /* Release */,
			);
			defaultConfigurationIsVisible = 0;
			defaultConfigurationName = Release;
		};
		F3F964962022CA970073B48F /* Build configuration list for PBXNativeTarget "lab1_tumblrTests" */ = {
			isa = XCConfigurationList;
			buildConfigurations = (
				F3F964972022CA970073B48F /* Debug */,
				F3F964982022CA970073B48F /* Release */,
			);
			defaultConfigurationIsVisible = 0;
			defaultConfigurationName = Release;
		};
		F3F964992022CA970073B48F /* Build configuration list for PBXNativeTarget "lab1_tumblrUITests" */ = {
			isa = XCConfigurationList;
			buildConfigurations = (
				F3F9649A2022CA970073B48F /* Debug */,
				F3F9649B2022CA970073B48F /* Release */,
			);
			defaultConfigurationIsVisible = 0;
			defaultConfigurationName = Release;
		};
/* End XCConfigurationList section */
	};
	rootObject = F3F964632022CA970073B48F /* Project object */;
}
